{
  "name": "math-reel",
  "version": "1.0.0",
  "lockfileVersion": 3,
  "requires": true,
  "packages": {
    "": {
      "name": "math-reel",
      "version": "1.0.0",
      "dependencies": {
        "@fontsource-variable/inter-tight": "^5.3.0",
        "@fontsource/jetbrains-mono": "^5.3.0",
        "@fontsource/stix-two-text": "^5.3.0"
      }
    },
    "node_modules/@fontsource-variable/inter-tight": {
      "version": "5.3.0",
      "resolved": "https://registry.npmjs.org/@fontsource-variable/inter-tight/-/inter-tight-5.3.0.tgz",
      "integrity": "sha512-ZhZZ29sNZ15P1K+cUt13GeBRYON0akgmNiftshUeDLos7X7zGcRgPzt434879Xhq1QbwlW3M/apBMk7jWabwvA==",
      "license": "OFL-1.1",
      "funding": {
        "url": "https://github.com/sponsors/ayuhito"
      }
    },
    "node_modules/@fontsource/jetbrains-mono": {
      "version": "5.3.0",
      "resolved": "https://registry.npmjs.org/@fontsource/jetbrains-mono/-/jetbrains-mono-5.3.0.tgz",
      "integrity": "sha512-fqDfB5I9f1p1TV486aUgB9t8zP84P0O1FtQR5Ol9vjwPy+S+EIGlVYm1cvj2W5shcZMTg2nZFdVMoH5wFu8a1A==",
      "license": "OFL-1.1",
      "funding": {
        "url": "https://github.com/sponsors/ayuhito"
      }
    },
    "node_modules/@fontsource/stix-two-text": {
      "version": "5.3.0",
      "resolved": "https://registry.npmjs.org/@fontsource/stix-two-text/-/stix-two-text-5.3.0.tgz",
      "integrity": "sha512-/eVTBPvodwIlsUTImyGjNVG4wqi2SDi6nV0WmE0+ScfbCegC8zMkm6BER8dy8f900xgP1RkNx0HxjbixT/ISOg==",
      "license": "OFL-1.1",
      "funding": {
        "url": "https://github.com/sponsors/ayuhito"
      }
    }
  }
}
